<<<<<<< HEAD
=======
<<<<<<< HEAD
>>>>>>> a890a364e4b1bd7f486f40dedfb44e9d3b4e6cd6
<Solution>
  <Folder Name="/src/">
    <File Path="Documentacao das camadas.md" />
    <File Path="Passos da construcao do projeto.md" />
    <Project Path="src/Tacc.serviceOrder.Api/Tacc.serviceOrder.Api.csproj" />
    <Project Path="src/Tacc.serviceOrder.Application/Tacc.serviceOrder.Application.csproj" />
    <Project Path="src/Tacc.serviceOrder.Domain/Tacc.serviceOrder.Domain.csproj" />
    <Project Path="src/Tacc.serviceOrder.Intrastructure/Tacc.serviceOrder.Intrastructure.csproj" />
  </Folder>
</Solution>
<<<<<<< HEAD
=======
=======
<Solution />
>>>>>>> 75ef369d5fb36f39fcd40cd73799aedcd3dda259
>>>>>>> a890a364e4b1bd7f486f40dedfb44e9d3b4e6cd6
